# This file is generated by running "yarn install" inside your project.
# Manual changes might be lost - proceed with caution!

__metadata:
  version: 10
  cacheKey: 10c0

"ip-address@npm:^10.1.1":
  version: 10.7.3
  resolution: "ip-address@npm:10.7.3"
  checksum: 10c0/145d9848f315a0375437d206dee763e2dd654063e8c5d6270a329e249cfad30b4ae760b237bb1991abfe67276f542310a89fca891ddf76f934e397e0dda1bf3b
  languageName: node
  linkType: hard

"smart-buffer@npm:^4.2.0":
  version: 4.2.0
  resolution: "smart-buffer@npm:4.2.0"
  checksum: 10c0/a16775323e1404dd43fabafe7460be13a471e021637bc7889468eb45ce6a6b207261f454e4e530a19500cc962c4cc5348583520843b363f4193cee5c00e1e539
  languageName: node
  linkType: hard

"socks@npm:^2.8.9":
  version: 2.8.10
  resolution: "socks@npm:2.8.10"
  dependencies:
    ip-address: "npm:^10.1.1"
    smart-buffer: "npm:^4.2.0"
  checksum: 10c0/9ac7f4329ed064585975206d9582119a1f168b249dd6119a939f839e0ea7a590d4fdccff9a4112f13b478177207959096f70224f021eaeb3ce69bc8129f80ef4
  languageName: node
  linkType: hard

"undici@npm:^7.30.0":
  version: 7.30.0
  resolution: "undici@npm:7.30.0"
  checksum: 10c0/011a321a9198532b0f0504740faa43b9ab8fcc0e4f60104e5c9cb808a61faeb03e4be4aec4f0c65f47913d7c7d9d91591793a6cb9ab843f98ca2c3d711c4a34c
  languageName: node
  linkType: hard

"wasabi-api-node@workspace:.":
  version: 0.0.0-use.local
  resolution: "wasabi-api-node@workspace:."
  dependencies:
    socks: "npm:^2.8.9"
    undici: "npm:^7.30.0"
  languageName: unknown
  linkType: soft
